
Microsoft Visual Studio Solution File, Format Version 12.00
# Visual Studio Version 17
VisualStudioVersion = 17.12.35209.166
MinimumVisualStudioVersion = 10.0.40219.1
Project("{FAE04EC0-301F-11D3-BF4B-00C04F79EFBC}") = "123654", "123654.csproj", "{E48CED7D-30E7-4DAA-9A7C-6312CA6EAEA1}"
EndProject
Global
	GlobalSection(SolutionConfigurationPlatforms) = preSolution
		Debug|Any CPU = Debug|Any CPU
		Release|Any CPU = Release|Any CPU
	EndGlobalSection
	GlobalSection(ProjectConfigurationPlatforms) = postSolution
		{E48CED7D-30E7-4DAA-9A7C-6312CA6EAEA1}.Debug|Any CPU.ActiveCfg = Debug|Any CPU
		{E48CED7D-30E7-4DAA-9A7C-6312CA6EAEA1}.Debug|Any CPU.Build.0 = Debug|Any CPU
		{E48CED7D-30E7-4DAA-9A7C-6312CA6EAEA1}.Release|Any CPU.ActiveCfg = Release|Any CPU
		{E48CED7D-30E7-4DAA-9A7C-6312CA6EAEA1}.Release|Any CPU.Build.0 = Release|Any CPU
	EndGlobalSection
	GlobalSection(SolutionProperties) = preSolution
		HideSolutionNode = FALSE
	EndGlobalSection
	GlobalSection(ExtensibilityGlobals) = postSolution
		SolutionGuid = {A3BFF81F-BA14-4882-AF6C-532E506CAF78}
	EndGlobalSection
EndGlobal
